
Microsoft Visual Studio Solution File, Format Version 12.00
# Visual Studio Version 17
VisualStudioVersion = 17.1.32319.34
MinimumVisualStudioVersion = 10.0.40219.1
Project("{FAE04EC0-301F-11D3-BF4B-00C04F79EFBC}") = "GitHubDemoFE", "GitHubDemoFE\GitHubDemoFE.csproj", "{A5FE062A-DAA2-43DE-BAB6-284612AEA809}"
EndProject
Global
	GlobalSection(SolutionConfigurationPlatforms) = preSolution
		Debug|Any CPU = Debug|Any CPU
		Release|Any CPU = Release|Any CPU
	EndGlobalSection
	GlobalSection(ProjectConfigurationPlatforms) = postSolution
		{A5FE062A-DAA2-43DE-BAB6-284612AEA809}.Debug|Any CPU.ActiveCfg = Debug|Any CPU
		{A5FE062A-DAA2-43DE-BAB6-284612AEA809}.Debug|Any CPU.Build.0 = Debug|Any CPU
		{A5FE062A-DAA2-43DE-BAB6-284612AEA809}.Release|Any CPU.ActiveCfg = Release|Any CPU
		{A5FE062A-DAA2-43DE-BAB6-284612AEA809}.Release|Any CPU.Build.0 = Release|Any CPU
	EndGlobalSection
	GlobalSection(SolutionProperties) = preSolution
		HideSolutionNode = FALSE
	EndGlobalSection
	GlobalSection(ExtensibilityGlobals) = postSolution
		SolutionGuid = {78BDF1D6-9D0D-463A-B2A3-2510E81A1E52}
	EndGlobalSection
EndGlobal
